[[package]]
name = "pip"
version = "22.3.1"
description = "The PyPA recommended tool for installing Python packages."
category = "dev"
optional = false
python-versions = ">=3.7"

[[package]]
name = "wget"
version = "3.2"
description = "pure python download utility"
category = "main"
optional = false
python-versions = "*"

[metadata]
lock-version = "1.1"
        python-versions = ">=3.8.0,<4.0"
content-hash = "b3354f85a51ec3cabbb307b259426c14cdda4130496161a710713c4e5f58137b"

[metadata.files]
pip = [
    {file = "pip-22.3.1-py3-none-any.whl", hash = "sha256:908c78e6bc29b676ede1c4d57981d490cb892eb45cd8c214ab6298125119e077"},
    {file = "pip-22.3.1.tar.gz", hash = "sha256:65fd48317359f3af8e593943e6ae1506b66325085ea64b706a998c6e83eeaf38"},
]
wget = [
    {file = "wget-3.2.zip", hash = "sha256:35e630eca2aa50ce998b9b1a127bb26b30dfee573702782aa982f875e3f16061"},
]
